hash: 3a96487021647e2540c51702102cc703164871c2bb4be00d7e2982b28b97e2b5
updated: 2018-05-03T23:35:09.447553+09:00
imports:
- name: github.com/go-sql-driver/mysql
  version: a732e14c62dde3285440047bba97581bc472ae18
- name: github.com/gorilla/context
  version: 08b5f424b9271eedf6f9f0ce86cb9396ed337a42
- name: github.com/gorilla/mux
  version: 0eeaf8392f5b04950925b8a69fe70f110fa7cbfc
- name: github.com/gorilla/securecookie
  version: fa5329f913702981df43dcb2a380bac429c810b5
- name: github.com/gorilla/sessions
  version: ca9ada44574153444b00d3fd9c8559e4cc95f896
- name: github.com/sirupsen/logrus
  version: 778f2e774c725116edbc3d039dc0dfc1cc62aae8
- name: github.com/unrolled/render
  version: 526faf80cd4b305bb8134abea8d20d5ced74faa6
- name: golang.org/x/crypto
  version: 8b1d31080a7692e075c4681cb2458454a1fe0706
  subpackages:
  - ssh/terminal
- name: golang.org/x/sys
  version: 78d5f264b493f125018180c204871ecf58a2dce1
  subpackages:
  - unix
  - windows
testImports: []
